
Microsoft Visual Studio Solution File, Format Version 12.00
# Visual Studio Version 17
VisualStudioVersion = 17.2.32516.85
MinimumVisualStudioVersion = 10.0.40219.1
Project("{FAE04EC0-301F-11D3-BF4B-00C04F79EFBC}") = "NGUYENDINHTHIN_1911060269", "HOTENSV\NGUYENDINHTHIN_1911060269.csproj", "{8104759E-7E76-498A-BD51-305C3AC8B195}"
EndProject
Global
	GlobalSection(SolutionConfigurationPlatforms) = preSolution
		Debug|Any CPU = Debug|Any CPU
		Release|Any CPU = Release|Any CPU
	EndGlobalSection
	GlobalSection(ProjectConfigurationPlatforms) = postSolution
		{8104759E-7E76-498A-BD51-305C3AC8B195}.Debug|Any CPU.ActiveCfg = Debug|Any CPU
		{8104759E-7E76-498A-BD51-305C3AC8B195}.Debug|Any CPU.Build.0 = Debug|Any CPU
		{8104759E-7E76-498A-BD51-305C3AC8B195}.Release|Any CPU.ActiveCfg = Release|Any CPU
		{8104759E-7E76-498A-BD51-305C3AC8B195}.Release|Any CPU.Build.0 = Release|Any CPU
	EndGlobalSection
	GlobalSection(SolutionProperties) = preSolution
		HideSolutionNode = FALSE
	EndGlobalSection
	GlobalSection(ExtensibilityGlobals) = postSolution
		SolutionGuid = {59BDAA1E-1357-43E0-BF3F-0B431F2B7078}
	EndGlobalSection
EndGlobal
